{
  "requires": true,
  "lockfileVersion": 1,
  "dependencies": {
    "html-form-enhancer": {
      "version": "0.1.9",
      "resolved": "https://registry.npmjs.org/html-form-enhancer/-/html-form-enhancer-0.1.9.tgz",
      "integrity": "sha512-9NKWlcLJG/Q/y07pdKZF9crn1z5QPTVIaph+9ZKj2J0qy4h9gQmod7VkLDcYPLyYD1DC6Byg1lFbkgafN7G+Vw=="
    }
  }
}
